// !$*UTF8*$!
{
	archiveVersion = 1;
	classes = {
	};
	objectVersion = 46;
	objects = {

/* Begin PBXBuildFile section */
		183082CB1E61295D00E5B325 /* OcResultController.swift in Sources */ = {isa = PBXBuildFile; fileRef = 183082CA1E61295D00E5B325 /* OcResultController.swift */; };
		183082CD1E612D3700E5B325 /* GetOcViewController.swift in Sources */ = {isa = PBXBuildFile; fileRef = 183082CC1E612D3700E5B325 /* GetOcViewController.swift */; };
		1846BD9C1E5A92E200BBBE93 /* AppDelegate.swift in Sources */ = {isa = PBXBuildFile; fileRef = 1846BD9B1E5A92E200BBBE93 /* AppDelegate.swift */; };
		1846BD9E1E5A92E200BBBE93 /* ViewController.swift in Sources */ = {isa = PBXBuildFile; fileRef = 1846BD9D1E5A92E200BBBE93 /* ViewController.swift */; };
		1846BDA11E5A92E200BBBE93 /* Main.storyboard in Resources */ = {isa = PBXBuildFile; fileRef = 1846BD9F1E5A92E200BBBE93 /* Main.storyboard */; };
		1846BDA31E5A92E200BBBE93 /* Assets.xcassets in Resources */ = {isa = PBXBuildFile; fileRef = 1846BDA21E5A92E200BBBE93 /* Assets.xcassets */; };
		1846BDA61E5A92E200BBBE93 /* LaunchScreen.storyboard in Resources */ = {isa = PBXBuildFile; fileRef = 1846BDA41E5A92E200BBBE93 /* LaunchScreen.storyboard */; };
		1846BDB11E5A92E200BBBE93 /* BoinTests.swift in Sources */ = {isa = PBXBuildFile; fileRef = 1846BDB01E5A92E200BBBE93 /* BoinTests.swift */; };
		1846BDBC1E5A92E200BBBE93 /* BoinUITests.swift in Sources */ = {isa = PBXBuildFile; fileRef = 1846BDBB1E5A92E200BBBE93 /* BoinUITests.swift */; };
		1846BDCA1E5A980E00BBBE93 /* getboundaryViewController.swift in Sources */ = {isa = PBXBuildFile; fileRef = 1846BDC91E5A980E00BBBE93 /* getboundaryViewController.swift */; };
		1846BDCC1E5A997B00BBBE93 /* selectmtdViewController.swift in Sources */ = {isa = PBXBuildFile; fileRef = 1846BDCB1E5A997B00BBBE93 /* selectmtdViewController.swift */; };
		F63F345A1E6110F3006BBF1F /* MtdResultController.swift in Sources */ = {isa = PBXBuildFile; fileRef = F63F34591E6110F3006BBF1F /* MtdResultController.swift */; };
		F6B30C431E67DCD400E96E80 /* PNBar.swift in Sources */ = {isa = PBXBuildFile; fileRef = F6B30C371E67DCD400E96E80 /* PNBar.swift */; };
		F6B30C441E67DCD400E96E80 /* PNBarChart.swift in Sources */ = {isa = PBXBuildFile; fileRef = F6B30C381E67DCD400E96E80 /* PNBarChart.swift */; };
		F6B30C451E67DCD400E96E80 /* PNChartLabel.swift in Sources */ = {isa = PBXBuildFile; fileRef = F6B30C391E67DCD400E96E80 /* PNChartLabel.swift */; };
		F6B30C461E67DCD400E96E80 /* PNChartSwift.podspec in Resources */ = {isa = PBXBuildFile; fileRef = F6B30C3A1E67DCD400E96E80 /* PNChartSwift.podspec */; };
		F6B30C471E67DCD400E96E80 /* PNColor.swift in Sources */ = {isa = PBXBuildFile; fileRef = F6B30C3B1E67DCD400E96E80 /* PNColor.swift */; };
		F6B30C481E67DCD400E96E80 /* PNGenericChart.swift in Sources */ = {isa = PBXBuildFile; fileRef = F6B30C3C1E67DCD400E96E80 /* PNGenericChart.swift */; };
		F6B30C491E67DCD400E96E80 /* PNLineChart.swift in Sources */ = {isa = PBXBuildFile; fileRef = F6B30C3D1E67DCD400E96E80 /* PNLineChart.swift */; };
		F6B30C4A1E67DCD400E96E80 /* PNLineChartData.swift in Sources */ = {isa = PBXBuildFile; fileRef = F6B30C3E1E67DCD400E96E80 /* PNLineChartData.swift */; };
		F6B30C4B1E67DCD400E96E80 /* PNLineChartDataItem.swift in Sources */ = {isa = PBXBuildFile; fileRef = F6B30C3F1E67DCD400E96E80 /* PNLineChartDataItem.swift */; };
		F6B30C4C1E67DCD400E96E80 /* PNPieChart.swift in Sources */ = {isa = PBXBuildFile; fileRef = F6B30C401E67DCD400E96E80 /* PNPieChart.swift */; };
		F6B30C4D1E67DCD400E96E80 /* PNPieChartDataItem.swift in Sources */ = {isa = PBXBuildFile; fileRef = F6B30C411E67DCD400E96E80 /* PNPieChartDataItem.swift */; };
		F6B30C4E1E67DCD400E96E80 /* PNValue.swift in Sources */ = {isa = PBXBuildFile; fileRef = F6B30C421E67DCD400E96E80 /* PNValue.swift */; };
		F6BDC6C01E5FFB52008668AB /* BoundaryResultController.swift in Sources */ = {isa = PBXBuildFile; fileRef = F6BDC6BF1E5FFB52008668AB /* BoundaryResultController.swift */; };
		F6D1796C1E66936E005D87AF /* NALLabelsMatrix.swift in Sources */ = {isa = PBXBuildFile; fileRef = F6D1796B1E66936E005D87AF /* NALLabelsMatrix.swift */; };
/* End PBXBuildFile section */

/* Begin PBXContainerItemProxy section */
		1846BDAD1E5A92E200BBBE93 /* PBXContainerItemProxy */ = {
			isa = PBXContainerItemProxy;
			containerPortal = 1846BD901E5A92E200BBBE93 /* Project object */;
			proxyType = 1;
			remoteGlobalIDString = 1846BD971E5A92E200BBBE93;
			remoteInfo = Boin;
		};
		1846BDB81E5A92E200BBBE93 /* PBXContainerItemProxy */ = {
			isa = PBXContainerItemProxy;
			containerPortal = 1846BD901E5A92E200BBBE93 /* Project object */;
			proxyType = 1;
			remoteGlobalIDString = 1846BD971E5A92E200BBBE93;
			remoteInfo = Boin;
		};
/* End PBXContainerItemProxy section */

/* Begin PBXFileReference section */
		183082CA1E61295D00E5B325 /* OcResultController.swift */ = {isa = PBXFileReference; fileEncoding = 4; lastKnownFileType = sourcecode.swift; path = OcResultController.swift; sourceTree = "<group>"; };
		183082CC1E612D3700E5B325 /* GetOcViewController.swift */ = {isa = PBXFileReference; fileEncoding = 4; lastKnownFileType = sourcecode.swift; path = GetOcViewController.swift; sourceTree = "<group>"; };
		1846BD981E5A92E200BBBE93 /* Boin.app */ = {isa = PBXFileReference; explicitFileType = wrapper.application; includeInIndex = 0; path = Boin.app; sourceTree = BUILT_PRODUCTS_DIR; };
		1846BD9B1E5A92E200BBBE93 /* AppDelegate.swift */ = {isa = PBXFileReference; lastKnownFileType = sourcecode.swift; path = AppDelegate.swift; sourceTree = "<group>"; };
		1846BD9D1E5A92E200BBBE93 /* ViewController.swift */ = {isa = PBXFileReference; lastKnownFileType = sourcecode.swift; path = ViewController.swift; sourceTree = "<group>"; };
		1846BDA01E5A92E200BBBE93 /* Base */ = {isa = PBXFileReference; lastKnownFileType = file.storyboard; name = Base; path = Base.lproj/Main.storyboard; sourceTree = "<group>"; };
		1846BDA21E5A92E200BBBE93 /* Assets.xcassets */ = {isa = PBXFileReference; lastKnownFileType = folder.assetcatalog; path = Assets.xcassets; sourceTree = "<group>"; };
		1846BDA51E5A92E200BBBE93 /* Base */ = {isa = PBXFileReference; lastKnownFileType = file.storyboard; name = Base; path = Base.lproj/LaunchScreen.storyboard; sourceTree = "<group>"; };
		1846BDA71E5A92E200BBBE93 /* Info.plist */ = {isa = PBXFileReference; lastKnownFileType = text.plist.xml; path = Info.plist; sourceTree = "<group>"; };
		1846BDAC1E5A92E200BBBE93 /* BoinTests.xctest */ = {isa = PBXFileReference; explicitFileType = wrapper.cfbundle; includeInIndex = 0; path = BoinTests.xctest; sourceTree = BUILT_PRODUCTS_DIR; };
		1846BDB01E5A92E200BBBE93 /* BoinTests.swift */ = {isa = PBXFileReference; lastKnownFileType = sourcecode.swift; path = BoinTests.swift; sourceTree = "<group>"; };
		1846BDB21E5A92E200BBBE93 /* Info.plist */ = {isa = PBXFileReference; lastKnownFileType = text.plist.xml; path = Info.plist; sourceTree = "<group>"; };
		1846BDB71E5A92E200BBBE93 /* BoinUITests.xctest */ = {isa = PBXFileReference; explicitFileType = wrapper.cfbundle; includeInIndex = 0; path = BoinUITests.xctest; sourceTree = BUILT_PRODUCTS_DIR; };
		1846BDBB1E5A92E200BBBE93 /* BoinUITests.swift */ = {isa = PBXFileReference; lastKnownFileType = sourcecode.swift; path = BoinUITests.swift; sourceTree = "<group>"; };
		1846BDBD1E5A92E200BBBE93 /* Info.plist */ = {isa = PBXFileReference; lastKnownFileType = text.plist.xml; path = Info.plist; sourceTree = "<group>"; };
		1846BDC91E5A980E00BBBE93 /* getboundaryViewController.swift */ = {isa = PBXFileReference; fileEncoding = 4; lastKnownFileType = sourcecode.swift; path = getboundaryViewController.swift; sourceTree = "<group>"; };
		1846BDCB1E5A997B00BBBE93 /* selectmtdViewController.swift */ = {isa = PBXFileReference; fileEncoding = 4; lastKnownFileType = sourcecode.swift; path = selectmtdViewController.swift; sourceTree = "<group>"; };
		F63F34591E6110F3006BBF1F /* MtdResultController.swift */ = {isa = PBXFileReference; fileEncoding = 4; lastKnownFileType = sourcecode.swift; path = MtdResultController.swift; sourceTree = "<group>"; };
		F6B30C371E67DCD400E96E80 /* PNBar.swift */ = {isa = PBXFileReference; fileEncoding = 4; lastKnownFileType = sourcecode.swift; path = PNBar.swift; sourceTree = "<group>"; };
		F6B30C381E67DCD400E96E80 /* PNBarChart.swift */ = {isa = PBXFileReference; fileEncoding = 4; lastKnownFileType = sourcecode.swift; path = PNBarChart.swift; sourceTree = "<group>"; };
		F6B30C391E67DCD400E96E80 /* PNChartLabel.swift */ = {isa = PBXFileReference; fileEncoding = 4; lastKnownFileType = sourcecode.swift; path = PNChartLabel.swift; sourceTree = "<group>"; };
		F6B30C3A1E67DCD400E96E80 /* PNChartSwift.podspec */ = {isa = PBXFileReference; fileEncoding = 4; lastKnownFileType = text; path = PNChartSwift.podspec; sourceTree = "<group>"; };
		F6B30C3B1E67DCD400E96E80 /* PNColor.swift */ = {isa = PBXFileReference; fileEncoding = 4; lastKnownFileType = sourcecode.swift; path = PNColor.swift; sourceTree = "<group>"; };
		F6B30C3C1E67DCD400E96E80 /* PNGenericChart.swift */ = {isa = PBXFileReference; fileEncoding = 4; lastKnownFileType = sourcecode.swift; path = PNGenericChart.swift; sourceTree = "<group>"; };
		F6B30C3D1E67DCD400E96E80 /* PNLineChart.swift */ = {isa = PBXFileReference; fileEncoding = 4; lastKnownFileType = sourcecode.swift; path = PNLineChart.swift; sourceTree = "<group>"; };
		F6B30C3E1E67DCD400E96E80 /* PNLineChartData.swift */ = {isa = PBXFileReference; fileEncoding = 4; lastKnownFileType = sourcecode.swift; path = PNLineChartData.swift; sourceTree = "<group>"; };
		F6B30C3F1E67DCD400E96E80 /* PNLineChartDataItem.swift */ = {isa = PBXFileReference; fileEncoding = 4; lastKnownFileType = sourcecode.swift; path = PNLineChartDataItem.swift; sourceTree = "<group>"; };
		F6B30C401E67DCD400E96E80 /* PNPieChart.swift */ = {isa = PBXFileReference; fileEncoding = 4; lastKnownFileType = sourcecode.swift; path = PNPieChart.swift; sourceTree = "<group>"; };
		F6B30C411E67DCD400E96E80 /* PNPieChartDataItem.swift */ = {isa = PBXFileReference; fileEncoding = 4; lastKnownFileType = sourcecode.swift; path = PNPieChartDataItem.swift; sourceTree = "<group>"; };
		F6B30C421E67DCD400E96E80 /* PNValue.swift */ = {isa = PBXFileReference; fileEncoding = 4; lastKnownFileType = sourcecode.swift; path = PNValue.swift; sourceTree = "<group>"; };
		F6BDC6BF1E5FFB52008668AB /* BoundaryResultController.swift */ = {isa = PBXFileReference; fileEncoding = 4; lastKnownFileType = sourcecode.swift; path = BoundaryResultController.swift; sourceTree = "<group>"; };
		F6D1796B1E66936E005D87AF /* NALLabelsMatrix.swift */ = {isa = PBXFileReference; fileEncoding = 4; lastKnownFileType = sourcecode.swift; path = NALLabelsMatrix.swift; sourceTree = "<group>"; };
/* End PBXFileReference section */

/* Begin PBXFrameworksBuildPhase section */
		1846BD951E5A92E200BBBE93 /* Frameworks */ = {
			isa = PBXFrameworksBuildPhase;
			buildActionMask = 2147483647;
			files = (
			);
			runOnlyForDeploymentPostprocessing = 0;
		};
		1846BDA91E5A92E200BBBE93 /* Frameworks */ = {
			isa = PBXFrameworksBuildPhase;
			buildActionMask = 2147483647;
			files = (
			);
			runOnlyForDeploymentPostprocessing = 0;
		};
		1846BDB41E5A92E200BBBE93 /* Frameworks */ = {
			isa = PBXFrameworksBuildPhase;
			buildActionMask = 2147483647;
			files = (
			);
			runOnlyForDeploymentPostprocessing = 0;
		};
/* End PBXFrameworksBuildPhase section */

/* Begin PBXGroup section */
		1846BD8F1E5A92E200BBBE93 = {
			isa = PBXGroup;
			children = (
				1846BD9A1E5A92E200BBBE93 /* Boin */,
				1846BDAF1E5A92E200BBBE93 /* BoinTests */,
				1846BDBA1E5A92E200BBBE93 /* BoinUITests */,
				1846BD991E5A92E200BBBE93 /* Products */,
			);
			sourceTree = "<group>";
		};
		1846BD991E5A92E200BBBE93 /* Products */ = {
			isa = PBXGroup;
			children = (
				1846BD981E5A92E200BBBE93 /* Boin.app */,
				1846BDAC1E5A92E200BBBE93 /* BoinTests.xctest */,
				1846BDB71E5A92E200BBBE93 /* BoinUITests.xctest */,
			);
			name = Products;
			sourceTree = "<group>";
		};
		1846BD9A1E5A92E200BBBE93 /* Boin */ = {
			isa = PBXGroup;
			children = (
				F6B30C361E67D82800E96E80 /* SourceCode */,
				1846BD9B1E5A92E200BBBE93 /* AppDelegate.swift */,
				1846BD9D1E5A92E200BBBE93 /* ViewController.swift */,
				1846BD9F1E5A92E200BBBE93 /* Main.storyboard */,
				183082CC1E612D3700E5B325 /* GetOcViewController.swift */,
				F63F34591E6110F3006BBF1F /* MtdResultController.swift */,
				1846BDA21E5A92E200BBBE93 /* Assets.xcassets */,
				1846BDA41E5A92E200BBBE93 /* LaunchScreen.storyboard */,
				1846BDA71E5A92E200BBBE93 /* Info.plist */,
				1846BDC91E5A980E00BBBE93 /* getboundaryViewController.swift */,
				F6BDC6BF1E5FFB52008668AB /* BoundaryResultController.swift */,
				183082CA1E61295D00E5B325 /* OcResultController.swift */,
				1846BDCB1E5A997B00BBBE93 /* selectmtdViewController.swift */,
			);
			path = Boin;
			sourceTree = "<group>";
		};
		1846BDAF1E5A92E200BBBE93 /* BoinTests */ = {
			isa = PBXGroup;
			children = (
				1846BDB01E5A92E200BBBE93 /* BoinTests.swift */,
				1846BDB21E5A92E200BBBE93 /* Info.plist */,
			);
			path = BoinTests;
			sourceTree = "<group>";
		};
		1846BDBA1E5A92E200BBBE93 /* BoinUITests */ = {
			isa = PBXGroup;
			children = (
				1846BDBB1E5A92E200BBBE93 /* BoinUITests.swift */,
				1846BDBD1E5A92E200BBBE93 /* Info.plist */,
			);
			path = BoinUITests;
			sourceTree = "<group>";
		};
		F6B30C361E67D82800E96E80 /* SourceCode */ = {
			isa = PBXGroup;
			children = (
				F6B30C371E67DCD400E96E80 /* PNBar.swift */,
				F6B30C381E67DCD400E96E80 /* PNBarChart.swift */,
				F6B30C391E67DCD400E96E80 /* PNChartLabel.swift */,
				F6B30C3A1E67DCD400E96E80 /* PNChartSwift.podspec */,
				F6B30C3B1E67DCD400E96E80 /* PNColor.swift */,
				F6B30C3C1E67DCD400E96E80 /* PNGenericChart.swift */,
				F6B30C3D1E67DCD400E96E80 /* PNLineChart.swift */,
				F6B30C3E1E67DCD400E96E80 /* PNLineChartData.swift */,
				F6B30C3F1E67DCD400E96E80 /* PNLineChartDataItem.swift */,
				F6B30C401E67DCD400E96E80 /* PNPieChart.swift */,
				F6B30C411E67DCD400E96E80 /* PNPieChartDataItem.swift */,
				F6B30C421E67DCD400E96E80 /* PNValue.swift */,
				F6D1796B1E66936E005D87AF /* NALLabelsMatrix.swift */,
			);
			name = SourceCode;
			sourceTree = "<group>";
		};
/* End PBXGroup section */

/* Begin PBXNativeTarget section */
		1846BD971E5A92E200BBBE93 /* Boin */ = {
			isa = PBXNativeTarget;
			buildConfigurationList = 1846BDC01E5A92E200BBBE93 /* Build configuration list for PBXNativeTarget "Boin" */;
			buildPhases = (
				1846BD941E5A92E200BBBE93 /* Sources */,
				1846BD951E5A92E200BBBE93 /* Frameworks */,
				1846BD961E5A92E200BBBE93 /* Resources */,
			);
			buildRules = (
			);
			dependencies = (
			);
			name = Boin;
			productName = Boin;
			productReference = 1846BD981E5A92E200BBBE93 /* Boin.app */;
			productType = "com.apple.product-type.application";
		};
		1846BDAB1E5A92E200BBBE93 /* BoinTests */ = {
			isa = PBXNativeTarget;
			buildConfigurationList = 1846BDC31E5A92E200BBBE93 /* Build configuration list for PBXNativeTarget "BoinTests" */;
			buildPhases = (
				1846BDA81E5A92E200BBBE93 /* Sources */,
				1846BDA91E5A92E200BBBE93 /* Frameworks */,
				1846BDAA1E5A92E200BBBE93 /* Resources */,
			);
			buildRules = (
			);
			dependencies = (
				1846BDAE1E5A92E200BBBE93 /* PBXTargetDependency */,
			);
			name = BoinTests;
			productName = BoinTests;
			productReference = 1846BDAC1E5A92E200BBBE93 /* BoinTests.xctest */;
			productType = "com.apple.product-type.bundle.unit-test";
		};
		1846BDB61E5A92E200BBBE93 /* BoinUITests */ = {
			isa = PBXNativeTarget;
			buildConfigurationList = 1846BDC61E5A92E200BBBE93 /* Build configuration list for PBXNativeTarget "BoinUITests" */;
			buildPhases = (
				1846BDB31E5A92E200BBBE93 /* Sources */,
				1846BDB41E5A92E200BBBE93 /* Frameworks */,
				1846BDB51E5A92E200BBBE93 /* Resources */,
			);
			buildRules = (
			);
			dependencies = (
				1846BDB91E5A92E200BBBE93 /* PBXTargetDependency */,
			);
			name = BoinUITests;
			productName = BoinUITests;
			productReference = 1846BDB71E5A92E200BBBE93 /* BoinUITests.xctest */;
			productType = "com.apple.product-type.bundle.ui-testing";
		};
/* End PBXNativeTarget section */

/* Begin PBXProject section */
		1846BD901E5A92E200BBBE93 /* Project object */ = {
			isa = PBXProject;
			attributes = {
				LastSwiftUpdateCheck = 0820;
				LastUpgradeCheck = 0820;
				ORGANIZATIONNAME = "Jialong Li & Ziqiao Wang";
				TargetAttributes = {
					1846BD971E5A92E200BBBE93 = {
						CreatedOnToolsVersion = 8.2.1;
						ProvisioningStyle = Automatic;
					};
					1846BDAB1E5A92E200BBBE93 = {
						CreatedOnToolsVersion = 8.2.1;
						ProvisioningStyle = Automatic;
						TestTargetID = 1846BD971E5A92E200BBBE93;
					};
					1846BDB61E5A92E200BBBE93 = {
						CreatedOnToolsVersion = 8.2.1;
						ProvisioningStyle = Automatic;
						TestTargetID = 1846BD971E5A92E200BBBE93;
					};
				};
			};
			buildConfigurationList = 1846BD931E5A92E200BBBE93 /* Build configuration list for PBXProject "Boin" */;
			compatibilityVersion = "Xcode 3.2";
			developmentRegion = English;
			hasScannedForEncodings = 0;
			knownRegions = (
				en,
				Base,
			);
			mainGroup = 1846BD8F1E5A92E200BBBE93;
			productRefGroup = 1846BD991E5A92E200BBBE93 /* Products */;
			projectDirPath = "";
			projectRoot = "";
			targets = (
				1846BD971E5A92E200BBBE93 /* Boin */,
				1846BDAB1E5A92E200BBBE93 /* BoinTests */,
				1846BDB61E5A92E200BBBE93 /* BoinUITests */,
			);
		};
/* End PBXProject section */

/* Begin PBXResourcesBuildPhase section */
		1846BD961E5A92E200BBBE93 /* Resources */ = {
			isa = PBXResourcesBuildPhase;
			buildActionMask = 2147483647;
			files = (
				1846BDA61E5A92E200BBBE93 /* LaunchScreen.storyboard in Resources */,
				F6B30C461E67DCD400E96E80 /* PNChartSwift.podspec in Resources */,
				1846BDA31E5A92E200BBBE93 /* Assets.xcassets in Resources */,
				1846BDA11E5A92E200BBBE93 /* Main.storyboard in Resources */,
			);
			runOnlyForDeploymentPostprocessing = 0;
		};
		1846BDAA1E5A92E200BBBE93 /* Resources */ = {
			isa = PBXResourcesBuildPhase;
			buildActionMask = 2147483647;
			files = (
			);
			runOnlyForDeploymentPostprocessing = 0;
		};
		1846BDB51E5A92E200BBBE93 /* Resources */ = {
			isa = PBXResourcesBuildPhase;
			buildActionMask = 2147483647;
			files = (
			);
			runOnlyForDeploymentPostprocessing = 0;
		};
/* End PBXResourcesBuildPhase section */

/* Begin PBXSourcesBuildPhase section */
		1846BD941E5A92E200BBBE93 /* Sources */ = {
			isa = PBXSourcesBuildPhase;
			buildActionMask = 2147483647;
			files = (
				1846BDCC1E5A997B00BBBE93 /* selectmtdViewController.swift in Sources */,
				183082CB1E61295D00E5B325 /* OcResultController.swift in Sources */,
				F6B30C4B1E67DCD400E96E80 /* PNLineChartDataItem.swift in Sources */,
				F6B30C4A1E67DCD400E96E80 /* PNLineChartData.swift in Sources */,
				F6B30C481E67DCD400E96E80 /* PNGenericChart.swift in Sources */,
				F6B30C441E67DCD400E96E80 /* PNBarChart.swift in Sources */,
				1846BD9E1E5A92E200BBBE93 /* ViewController.swift in Sources */,
				F6B30C431E67DCD400E96E80 /* PNBar.swift in Sources */,
				F6B30C451E67DCD400E96E80 /* PNChartLabel.swift in Sources */,
				1846BDCA1E5A980E00BBBE93 /* getboundaryViewController.swift in Sources */,
				1846BD9C1E5A92E200BBBE93 /* AppDelegate.swift in Sources */,
				F6D1796C1E66936E005D87AF /* NALLabelsMatrix.swift in Sources */,
				F6B30C4D1E67DCD400E96E80 /* PNPieChartDataItem.swift in Sources */,
				183082CD1E612D3700E5B325 /* GetOcViewController.swift in Sources */,
				F6B30C4C1E67DCD400E96E80 /* PNPieChart.swift in Sources */,
				F63F345A1E6110F3006BBF1F /* MtdResultController.swift in Sources */,
				F6B30C491E67DCD400E96E80 /* PNLineChart.swift in Sources */,
				F6B30C471E67DCD400E96E80 /* PNColor.swift in Sources */,
				F6BDC6C01E5FFB52008668AB /* BoundaryResultController.swift in Sources */,
				F6B30C4E1E67DCD400E96E80 /* PNValue.swift in Sources */,
			);
			runOnlyForDeploymentPostprocessing = 0;
		};
		1846BDA81E5A92E200BBBE93 /* Sources */ = {
			isa = PBXSourcesBuildPhase;
			buildActionMask = 2147483647;
			files = (
				1846BDB11E5A92E200BBBE93 /* BoinTests.swift in Sources */,
			);
			runOnlyForDeploymentPostprocessing = 0;
		};
		1846BDB31E5A92E200BBBE93 /* Sources */ = {
			isa = PBXSourcesBuildPhase;
			buildActionMask = 2147483647;
			files = (
				1846BDBC1E5A92E200BBBE93 /* BoinUITests.swift in Sources */,
			);
			runOnlyForDeploymentPostprocessing = 0;
		};
/* End PBXSourcesBuildPhase section */

/* Begin PBXTargetDependency section */
		1846BDAE1E5A92E200BBBE93 /* PBXTargetDependency */ = {
			isa = PBXTargetDependency;
			target = 1846BD971E5A92E200BBBE93 /* Boin */;
			targetProxy = 1846BDAD1E5A92E200BBBE93 /* PBXContainerItemProxy */;
		};
		1846BDB91E5A92E200BBBE93 /* PBXTargetDependency */ = {
			isa = PBXTargetDependency;
			target = 1846BD971E5A92E200BBBE93 /* Boin */;
			targetProxy = 1846BDB81E5A92E200BBBE93 /* PBXContainerItemProxy */;
		};
/* End PBXTargetDependency section */

/* Begin PBXVariantGroup section */
		1846BD9F1E5A92E200BBBE93 /* Main.storyboard */ = {
			isa = PBXVariantGroup;
			children = (
				1846BDA01E5A92E200BBBE93 /* Base */,
			);
			name = Main.storyboard;
			sourceTree = "<group>";
		};
		1846BDA41E5A92E200BBBE93 /* LaunchScreen.storyboard */ = {
			isa = PBXVariantGroup;
			children = (
				1846BDA51E5A92E200BBBE93 /* Base */,
			);
			name = LaunchScreen.storyboard;
			sourceTree = "<group>";
		};
/* End PBXVariantGroup section */

/* Begin XCBuildConfiguration section */
		1846BDBE1E5A92E200BBBE93 /* Debug */ = {
			isa = XCBuildConfiguration;
			buildSettings = {
				ALWAYS_SEARCH_USER_PATHS = NO;
				CLANG_ANALYZER_NONNULL = YES;
				CLANG_CXX_LANGUAGE_STANDARD = "gnu++0x";
				CLANG_CXX_LIBRARY = "libc++";
				CLANG_ENABLE_MODULES = YES;
				CLANG_ENABLE_OBJC_ARC = YES;
				CLANG_WARN_BOOL_CONVERSION = YES;
				CLANG_WARN_CONSTANT_CONVERSION = YES;
				CLANG_WARN_DIRECT_OBJC_ISA_USAGE = YES_ERROR;
				CLANG_WARN_DOCUMENTATION_COMMENTS = YES;
				CLANG_WARN_EMPTY_BODY = YES;
				CLANG_WARN_ENUM_CONVERSION = YES;
				CLANG_WARN_INFINITE_RECURSION = YES;
				CLANG_WARN_INT_CONVERSION = YES;
				CLANG_WARN_OBJC_ROOT_CLASS = YES_ERROR;
				CLANG_WARN_SUSPICIOUS_MOVE = YES;
				CLANG_WARN_UNREACHABLE_CODE = YES;
				CLANG_WARN__DUPLICATE_METHOD_MATCH = YES;
				"CODE_SIGN_IDENTITY[sdk=iphoneos*]" = "iPhone Developer";
				COPY_PHASE_STRIP = NO;
				DEBUG_INFORMATION_FORMAT = dwarf;
				ENABLE_STRICT_OBJC_MSGSEND = YES;
				ENABLE_TESTABILITY = YES;
				GCC_C_LANGUAGE_STANDARD = gnu99;
				GCC_DYNAMIC_NO_PIC = NO;
				GCC_NO_COMMON_BLOCKS = YES;
				GCC_OPTIMIZATION_LEVEL = 0;
				GCC_PREPROCESSOR_DEFINITIONS = (
					"DEBUG=1",
					"$(inherited)",
				);
				GCC_WARN_64_TO_32_BIT_CONVERSION = YES;
				GCC_WARN_ABOUT_RETURN_TYPE = YES_ERROR;
				GCC_WARN_UNDECLARED_SELECTOR = YES;
				GCC_WARN_UNINITIALIZED_AUTOS = YES_AGGRESSIVE;
				GCC_WARN_UNUSED_FUNCTION = YES;
				GCC_WARN_UNUSED_VARIABLE = YES;
				IPHONEOS_DEPLOYMENT_TARGET = 10.2;
				MTL_ENABLE_DEBUG_INFO = YES;
				ONLY_ACTIVE_ARCH = YES;
				SDKROOT = iphoneos;
				SWIFT_ACTIVE_COMPILATION_CONDITIONS = DEBUG;
				SWIFT_OPTIMIZATION_LEVEL = "-Onone";
				TARGETED_DEVICE_FAMILY = "1,2";
			};
			name = Debug;
		};
		1846BDBF1E5A92E200BBBE93 /* Release */ = {
			isa = XCBuildConfiguration;
			buildSettings = {
				ALWAYS_SEARCH_USER_PATHS = NO;
				CLANG_ANALYZER_NONNULL = YES;
				CLANG_CXX_LANGUAGE_STANDARD = "gnu++0x";
				CLANG_CXX_LIBRARY = "libc++";
				CLANG_ENABLE_MODULES = YES;
				CLANG_ENABLE_OBJC_ARC = YES;
				CLANG_WARN_BOOL_CONVERSION = YES;
				CLANG_WARN_CONSTANT_CONVERSION = YES;
				CLANG_WARN_DIRECT_OBJC_ISA_USAGE = YES_ERROR;
				CLANG_WARN_DOCUMENTATION_COMMENTS = YES;
				CLANG_WARN_EMPTY_BODY = YES;
				CLANG_WARN_ENUM_CONVERSION = YES;
				CLANG_WARN_INFINITE_RECURSION = YES;
				CLANG_WARN_INT_CONVERSION = YES;
				CLANG_WARN_OBJC_ROOT_CLASS = YES_ERROR;
				CLANG_WARN_SUSPICIOUS_MOVE = YES;
				CLANG_WARN_UNREACHABLE_CODE = YES;
				CLANG_WARN__DUPLICATE_METHOD_MATCH = YES;
				"CODE_SIGN_IDENTITY[sdk=iphoneos*]" = "iPhone Developer";
				COPY_PHASE_STRIP = NO;
				DEBUG_INFORMATION_FORMAT = "dwarf-with-dsym";
				ENABLE_NS_ASSERTIONS = NO;
				ENABLE_STRICT_OBJC_MSGSEND = YES;
				GCC_C_LANGUAGE_STANDARD = gnu99;
				GCC_NO_COMMON_BLOCKS = YES;
				GCC_WARN_64_TO_32_BIT_CONVERSION = YES;
				GCC_WARN_ABOUT_RETURN_TYPE = YES_ERROR;
				GCC_WARN_UNDECLARED_SELECTOR = YES;
				GCC_WARN_UNINITIALIZED_AUTOS = YES_AGGRESSIVE;
				GCC_WARN_UNUSED_FUNCTION = YES;
				GCC_WARN_UNUSED_VARIABLE = YES;
				IPHONEOS_DEPLOYMENT_TARGET = 10.2;
				MTL_ENABLE_DEBUG_INFO = NO;
				SDKROOT = iphoneos;
				SWIFT_OPTIMIZATION_LEVEL = "-Owholemodule";
				TARGETED_DEVICE_FAMILY = "1,2";
				VALIDATE_PRODUCT = YES;
			};
			name = Release;
		};
		1846BDC11E5A92E200BBBE93 /* Debug */ = {
			isa = XCBuildConfiguration;
			buildSettings = {
				ASSETCATALOG_COMPILER_APPICON_NAME = AppIcon;
				INFOPLIST_FILE = Boin/Info.plist;
				LD_RUNPATH_SEARCH_PATHS = "$(inherited) @executable_path/Frameworks";
				PRODUCT_BUNDLE_IDENTIFIER = "com.BOIN.Li-Wang.Boin";
				PRODUCT_NAME = "$(TARGET_NAME)";
				SWIFT_VERSION = 3.0;
			};
			name = Debug;
		};
		1846BDC21E5A92E200BBBE93 /* Release */ = {
			isa = XCBuildConfiguration;
			buildSettings = {
				ASSETCATALOG_COMPILER_APPICON_NAME = AppIcon;
				INFOPLIST_FILE = Boin/Info.plist;
				LD_RUNPATH_SEARCH_PATHS = "$(inherited) @executable_path/Frameworks";
				PRODUCT_BUNDLE_IDENTIFIER = "com.BOIN.Li-Wang.Boin";
				PRODUCT_NAME = "$(TARGET_NAME)";
				SWIFT_VERSION = 3.0;
			};
			name = Release;
		};
		1846BDC41E5A92E200BBBE93 /* Debug */ = {
			isa = XCBuildConfiguration;
			buildSettings = {
				ALWAYS_EMBED_SWIFT_STANDARD_LIBRARIES = YES;
				BUNDLE_LOADER = "$(TEST_HOST)";
				INFOPLIST_FILE = BoinTests/Info.plist;
				LD_RUNPATH_SEARCH_PATHS = "$(inherited) @executable_path/Frameworks @loader_path/Frameworks";
				PRODUCT_BUNDLE_IDENTIFIER = "com.BOIN.Li-Wang.BoinTests";
				PRODUCT_NAME = "$(TARGET_NAME)";
				SWIFT_VERSION = 3.0;
				TEST_HOST = "$(BUILT_PRODUCTS_DIR)/Boin.app/Boin";
			};
			name = Debug;
		};
		1846BDC51E5A92E200BBBE93 /* Release */ = {
			isa = XCBuildConfiguration;
			buildSettings = {
				ALWAYS_EMBED_SWIFT_STANDARD_LIBRARIES = YES;
				BUNDLE_LOADER = "$(TEST_HOST)";
				INFOPLIST_FILE = BoinTests/Info.plist;
				LD_RUNPATH_SEARCH_PATHS = "$(inherited) @executable_path/Frameworks @loader_path/Frameworks";
				PRODUCT_BUNDLE_IDENTIFIER = "com.BOIN.Li-Wang.BoinTests";
				PRODUCT_NAME = "$(TARGET_NAME)";
				SWIFT_VERSION = 3.0;
				TEST_HOST = "$(BUILT_PRODUCTS_DIR)/Boin.app/Boin";
			};
			name = Release;
		};
		1846BDC71E5A92E200BBBE93 /* Debug */ = {
			isa = XCBuildConfiguration;
			buildSettings = {
				ALWAYS_EMBED_SWIFT_STANDARD_LIBRARIES = YES;
				INFOPLIST_FILE = BoinUITests/Info.plist;
				LD_RUNPATH_SEARCH_PATHS = "$(inherited) @executable_path/Frameworks @loader_path/Frameworks";
				PRODUCT_BUNDLE_IDENTIFIER = "com.BOIN.Li-Wang.BoinUITests";
				PRODUCT_NAME = "$(TARGET_NAME)";
				SWIFT_VERSION = 3.0;
				TEST_TARGET_NAME = Boin;
			};
			name = Debug;
		};
		1846BDC81E5A92E200BBBE93 /* Release */ = {
			isa = XCBuildConfiguration;
			buildSettings = {
				ALWAYS_EMBED_SWIFT_STANDARD_LIBRARIES = YES;
				INFOPLIST_FILE = BoinUITests/Info.plist;
				LD_RUNPATH_SEARCH_PATHS = "$(inherited) @executable_path/Frameworks @loader_path/Frameworks";
				PRODUCT_BUNDLE_IDENTIFIER = "com.BOIN.Li-Wang.BoinUITests";
				PRODUCT_NAME = "$(TARGET_NAME)";
				SWIFT_VERSION = 3.0;
				TEST_TARGET_NAME = Boin;
			};
			name = Release;
		};
/* End XCBuildConfiguration section */

/* Begin XCConfigurationList section */
		1846BD931E5A92E200BBBE93 /* Build configuration list for PBXProject "Boin" */ = {
			isa = XCConfigurationList;
			buildConfigurations = (
				1846BDBE1E5A92E200BBBE93 /* Debug */,
				1846BDBF1E5A92E200BBBE93 /* Release */,
			);
			defaultConfigurationIsVisible = 0;
			defaultConfigurationName = Release;
		};
		1846BDC01E5A92E200BBBE93 /* Build configuration list for PBXNativeTarget "Boin" */ = {
			isa = XCConfigurationList;
			buildConfigurations = (
				1846BDC11E5A92E200BBBE93 /* Debug */,
				1846BDC21E5A92E200BBBE93 /* Release */,
			);
			defaultConfigurationIsVisible = 0;
			defaultConfigurationName = Release;
		};
		1846BDC31E5A92E200BBBE93 /* Build configuration list for PBXNativeTarget "BoinTests" */ = {
			isa = XCConfigurationList;
			buildConfigurations = (
				1846BDC41E5A92E200BBBE93 /* Debug */,
				1846BDC51E5A92E200BBBE93 /* Release */,
			);
			defaultConfigurationIsVisible = 0;
			defaultConfigurationName = Release;
		};
		1846BDC61E5A92E200BBBE93 /* Build configuration list for PBXNativeTarget "BoinUITests" */ = {
			isa = XCConfigurationList;
			buildConfigurations = (
				1846BDC71E5A92E200BBBE93 /* Debug */,
				1846BDC81E5A92E200BBBE93 /* Release */,
			);
			defaultConfigurationIsVisible = 0;
			defaultConfigurationName = Release;
		};
/* End XCConfigurationList section */
	};
	rootObject = 1846BD901E5A92E200BBBE93 /* Project object */;
}
